
Microsoft Visual Studio Solution File, Format Version 12.00
# Visual Studio 15
VisualStudioVersion = 15.0.28010.2019
MinimumVisualStudioVersion = 10.0.40219.1
Project("{9A19103F-16F7-4668-BE54-9A1E7A4F7556}") = "foodrecorder.data", "foodrecorder.data\foodrecorder.data.csproj", "{6729B085-873F-4A14-A3DF-AF14AA5EE402}"
EndProject
Project("{9A19103F-16F7-4668-BE54-9A1E7A4F7556}") = "foodrecorder", "foodrecorder.api\foodrecorder.csproj", "{4F4EE057-1095-4BD5-A26D-B452235584BC}"
EndProject
Project("{9A19103F-16F7-4668-BE54-9A1E7A4F7556}") = "foodrecorder.common", "foodrecorder.common\foodrecorder.common.csproj", "{AFD2ECF0-F475-458F-A334-73740CEA6369}"
EndProject
Global
	GlobalSection(SolutionConfigurationPlatforms) = preSolution
		Debug|Any CPU = Debug|Any CPU
		Release|Any CPU = Release|Any CPU
	EndGlobalSection
	GlobalSection(ProjectConfigurationPlatforms) = postSolution
		{6729B085-873F-4A14-A3DF-AF14AA5EE402}.Debug|Any CPU.ActiveCfg = Debug|Any CPU
		{6729B085-873F-4A14-A3DF-AF14AA5EE402}.Debug|Any CPU.Build.0 = Debug|Any CPU
		{6729B085-873F-4A14-A3DF-AF14AA5EE402}.Release|Any CPU.ActiveCfg = Release|Any CPU
		{6729B085-873F-4A14-A3DF-AF14AA5EE402}.Release|Any CPU.Build.0 = Release|Any CPU
		{4F4EE057-1095-4BD5-A26D-B452235584BC}.Debug|Any CPU.ActiveCfg = Debug|Any CPU
		{4F4EE057-1095-4BD5-A26D-B452235584BC}.Debug|Any CPU.Build.0 = Debug|Any CPU
		{4F4EE057-1095-4BD5-A26D-B452235584BC}.Release|Any CPU.ActiveCfg = Release|Any CPU
		{4F4EE057-1095-4BD5-A26D-B452235584BC}.Release|Any CPU.Build.0 = Release|Any CPU
		{AFD2ECF0-F475-458F-A334-73740CEA6369}.Debug|Any CPU.ActiveCfg = Debug|Any CPU
		{AFD2ECF0-F475-458F-A334-73740CEA6369}.Debug|Any CPU.Build.0 = Debug|Any CPU
		{AFD2ECF0-F475-458F-A334-73740CEA6369}.Release|Any CPU.ActiveCfg = Release|Any CPU
		{AFD2ECF0-F475-458F-A334-73740CEA6369}.Release|Any CPU.Build.0 = Release|Any CPU
	EndGlobalSection
	GlobalSection(SolutionProperties) = preSolution
		HideSolutionNode = FALSE
	EndGlobalSection
	GlobalSection(ExtensibilityGlobals) = postSolution
		SolutionGuid = {1BEFF9BB-7B27-4CD5-9EE2-6F542A532FD4}
	EndGlobalSection
EndGlobal
